<?xml version="1.0" encoding="UTF-8" standalone="yes" ?>
<CodeBlocks_project_file>
	<FileVersion major="1" minor="6" />
	<Project>
		<Option title="proyecto final" />
		<Option pch_mode="2" />
		<Option compiler="gcc" />
		<Build>
			<Target title="Debug">
				<Option output="bin/Debug/proyecto final" prefix_auto="1" extension_auto="1" />
				<Option object_output="obj/Debug/" />
				<Option type="1" />
				<Option compiler="gcc" />
				<Compiler>
					<Add option="-g" />
				</Compiler>
			</Target>
			<Target title="Release">
				<Option output="bin/Release/proyecto final" prefix_auto="1" extension_auto="1" />
				<Option object_output="obj/Release/" />
				<Option type="1" />
				<Option compiler="gcc" />
				<Compiler>
					<Add option="-O2" />
				</Compiler>
				<Linker>
					<Add option="-s" />
				</Linker>
			</Target>
		</Build>
		<Compiler>
			<Add option="-Wall" />
		</Compiler>
		<Unit filename="arbolCanciones.c">
			<Option compilerVar="CC" />
		</Unit>
		<Unit filename="arbolCanciones.h" />
		<Unit filename="gestionArchivos.c">
			<Option compilerVar="CC" />
		</Unit>
		<Unit filename="gestionArchivos.h" />
		<Unit filename="gestionCanciones.c">
			<Option compilerVar="CC" />
		</Unit>
		<Unit filename="gestionCanciones.h" />
		<Unit filename="gestionMenus.c">
			<Option compilerVar="CC" />
		</Unit>
		<Unit filename="gestionMenus.h" />
		<Unit filename="gestionMostrar.c">
			<Option compilerVar="CC" />
		</Unit>
		<Unit filename="gestionMostrar.h" />
		<Unit filename="gestionPlaylist.c">
			<Option compilerVar="CC" />
		</Unit>
		<Unit filename="gestionPlaylist.h" />
		<Unit filename="gestionUsuario.c">
			<Option compilerVar="CC" />
		</Unit>
		<Unit filename="gestionUsuario.h" />
		<Unit filename="gestionValidacion.c">
			<Option compilerVar="CC" />
		</Unit>
		<Unit filename="gestionValidacion.h" />
		<Unit filename="lista.c">
			<Option compilerVar="CC" />
		</Unit>
		<Unit filename="lista.h" />
		<Unit filename="main.c">
			<Option compilerVar="CC" />
		</Unit>
		<Unit filename="sistema.c">
			<Option compilerVar="CC" />
		</Unit>
		<Unit filename="sistema.h" />
		<Extensions>
			<lib_finder disable_auto="1" />
		</Extensions>
	</Project>
</CodeBlocks_project_file>
